// !$*UTF8*$!
{
	archiveVersion = 1;
	classes = {
	};
	objectVersion = 50;
	objects = {

/* Begin PBXBuildFile section */
		3038FC0D2249B1FC00AFA145 /* AppDelegate.swift in Sources */ = {isa = PBXBuildFile; fileRef = 3038FC0C2249B1FC00AFA145 /* AppDelegate.swift */; };
		3038FC122249B1FC00AFA145 /* Map.storyboard in Resources */ = {isa = PBXBuildFile; fileRef = 3038FC102249B1FC00AFA145 /* Map.storyboard */; };
		3038FC142249B1FF00AFA145 /* Assets.xcassets in Resources */ = {isa = PBXBuildFile; fileRef = 3038FC132249B1FF00AFA145 /* Assets.xcassets */; };
		3038FC172249B1FF00AFA145 /* LaunchScreen.storyboard in Resources */ = {isa = PBXBuildFile; fileRef = 3038FC152249B1FF00AFA145 /* LaunchScreen.storyboard */; };
		3038FC222249B1FF00AFA145 /* _2_HalfModalPresentationTests.swift in Sources */ = {isa = PBXBuildFile; fileRef = 3038FC212249B1FF00AFA145 /* _2_HalfModalPresentationTests.swift */; };
		304FD9E1224B085B00C535D8 /* MapViewController.swift in Sources */ = {isa = PBXBuildFile; fileRef = 304FD9E0224B085B00C535D8 /* MapViewController.swift */; };
/* End PBXBuildFile section */

/* Begin PBXContainerItemProxy section */
		3038FC1E2249B1FF00AFA145 /* PBXContainerItemProxy */ = {
			isa = PBXContainerItemProxy;
			containerPortal = 3038FC012249B1FC00AFA145 /* Project object */;
			proxyType = 1;
			remoteGlobalIDString = 3038FC082249B1FC00AFA145;
			remoteInfo = 02_HalfModalPresentation;
		};
/* End PBXContainerItemProxy section */

/* Begin PBXFileReference section */
		3038FC092249B1FC00AFA145 /* 02_HalfModalPresentation.app */ = {isa = PBXFileReference; explicitFileType = wrapper.application; includeInIndex = 0; path = 02_HalfModalPresentation.app; sourceTree = BUILT_PRODUCTS_DIR; };
		3038FC0C2249B1FC00AFA145 /* AppDelegate.swift */ = {isa = PBXFileReference; lastKnownFileType = sourcecode.swift; path = AppDelegate.swift; sourceTree = "<group>"; };
		3038FC112249B1FC00AFA145 /* Base */ = {isa = PBXFileReference; lastKnownFileType = file.storyboard; name = Base; path = Base.lproj/Map.storyboard; sourceTree = "<group>"; };
		3038FC132249B1FF00AFA145 /* Assets.xcassets */ = {isa = PBXFileReference; lastKnownFileType = folder.assetcatalog; path = Assets.xcassets; sourceTree = "<group>"; };
		3038FC162249B1FF00AFA145 /* Base */ = {isa = PBXFileReference; lastKnownFileType = file.storyboard; name = Base; path = Base.lproj/LaunchScreen.storyboard; sourceTree = "<group>"; };
		3038FC182249B1FF00AFA145 /* Info.plist */ = {isa = PBXFileReference; lastKnownFileType = text.plist.xml; path = Info.plist; sourceTree = "<group>"; };
		3038FC1D2249B1FF00AFA145 /* 02_HalfModalPresentationTests.xctest */ = {isa = PBXFileReference; explicitFileType = wrapper.cfbundle; includeInIndex = 0; path = 02_HalfModalPresentationTests.xctest; sourceTree = BUILT_PRODUCTS_DIR; };
		3038FC212249B1FF00AFA145 /* _2_HalfModalPresentationTests.swift */ = {isa = PBXFileReference; lastKnownFileType = sourcecode.swift; path = _2_HalfModalPresentationTests.swift; sourceTree = "<group>"; };
		3038FC232249B1FF00AFA145 /* Info.plist */ = {isa = PBXFileReference; lastKnownFileType = text.plist.xml; path = Info.plist; sourceTree = "<group>"; };
		304FD9E0224B085B00C535D8 /* MapViewController.swift */ = {isa = PBXFileReference; lastKnownFileType = sourcecode.swift; path = MapViewController.swift; sourceTree = "<group>"; };
/* End PBXFileReference section */

/* Begin PBXFrameworksBuildPhase section */
		3038FC062249B1FC00AFA145 /* Frameworks */ = {
			isa = PBXFrameworksBuildPhase;
			buildActionMask = 2147483647;
			files = (
			);
			runOnlyForDeploymentPostprocessing = 0;
		};
		3038FC1A2249B1FF00AFA145 /* Frameworks */ = {
			isa = PBXFrameworksBuildPhase;
			buildActionMask = 2147483647;
			files = (
			);
			runOnlyForDeploymentPostprocessing = 0;
		};
/* End PBXFrameworksBuildPhase section */

/* Begin PBXGroup section */
		3038FC002249B1FC00AFA145 = {
			isa = PBXGroup;
			children = (
				3038FC0B2249B1FC00AFA145 /* 02_HalfModalPresentation */,
				3038FC202249B1FF00AFA145 /* 02_HalfModalPresentationTests */,
				3038FC0A2249B1FC00AFA145 /* Products */,
			);
			sourceTree = "<group>";
		};
		3038FC0A2249B1FC00AFA145 /* Products */ = {
			isa = PBXGroup;
			children = (
				3038FC092249B1FC00AFA145 /* 02_HalfModalPresentation.app */,
				3038FC1D2249B1FF00AFA145 /* 02_HalfModalPresentationTests.xctest */,
			);
			name = Products;
			sourceTree = "<group>";
		};
		3038FC0B2249B1FC00AFA145 /* 02_HalfModalPresentation */ = {
			isa = PBXGroup;
			children = (
				3038FC0C2249B1FC00AFA145 /* AppDelegate.swift */,
				304FD9E0224B085B00C535D8 /* MapViewController.swift */,
				3038FC102249B1FC00AFA145 /* Map.storyboard */,
				3038FC132249B1FF00AFA145 /* Assets.xcassets */,
				3038FC152249B1FF00AFA145 /* LaunchScreen.storyboard */,
				3038FC182249B1FF00AFA145 /* Info.plist */,
			);
			path = 02_HalfModalPresentation;
			sourceTree = "<group>";
		};
		3038FC202249B1FF00AFA145 /* 02_HalfModalPresentationTests */ = {
			isa = PBXGroup;
			children = (
				3038FC212249B1FF00AFA145 /* _2_HalfModalPresentationTests.swift */,
				3038FC232249B1FF00AFA145 /* Info.plist */,
			);
			path = 02_HalfModalPresentationTests;
			sourceTree = "<group>";
		};
/* End PBXGroup section */

/* Begin PBXNativeTarget section */
		3038FC082249B1FC00AFA145 /* 02_HalfModalPresentation */ = {
			isa = PBXNativeTarget;
			buildConfigurationList = 3038FC262249B1FF00AFA145 /* Build configuration list for PBXNativeTarget "02_HalfModalPresentation" */;
			buildPhases = (
				3038FC052249B1FC00AFA145 /* Sources */,
				3038FC062249B1FC00AFA145 /* Frameworks */,
				3038FC072249B1FC00AFA145 /* Resources */,
			);
			buildRules = (
			);
			dependencies = (
			);
			name = 02_HalfModalPresentation;
			productName = 02_HalfModalPresentation;
			productReference = 3038FC092249B1FC00AFA145 /* 02_HalfModalPresentation.app */;
			productType = "com.apple.product-type.application";
		};
		3038FC1C2249B1FF00AFA145 /* 02_HalfModalPresentationTests */ = {
			isa = PBXNativeTarget;
			buildConfigurationList = 3038FC292249B1FF00AFA145 /* Build configuration list for PBXNativeTarget "02_HalfModalPresentationTests" */;
			buildPhases = (
				3038FC192249B1FF00AFA145 /* Sources */,
				3038FC1A2249B1FF00AFA145 /* Frameworks */,
				3038FC1B2249B1FF00AFA145 /* Resources */,
			);
			buildRules = (
			);
			dependencies = (
				3038FC1F2249B1FF00AFA145 /* PBXTargetDependency */,
			);
			name = 02_HalfModalPresentationTests;
			productName = 02_HalfModalPresentationTests;
			productReference = 3038FC1D2249B1FF00AFA145 /* 02_HalfModalPresentationTests.xctest */;
			productType = "com.apple.product-type.bundle.unit-test";
		};
/* End PBXNativeTarget section */

/* Begin PBXProject section */
		3038FC012249B1FC00AFA145 /* Project object */ = {
			isa = PBXProject;
			attributes = {
				LastSwiftUpdateCheck = 1010;
				LastUpgradeCheck = 1010;
				ORGANIZATIONNAME = "Personal Factory";
				TargetAttributes = {
					3038FC082249B1FC00AFA145 = {
						CreatedOnToolsVersion = 10.1;
					};
					3038FC1C2249B1FF00AFA145 = {
						CreatedOnToolsVersion = 10.1;
						LastSwiftMigration = 1020;
						TestTargetID = 3038FC082249B1FC00AFA145;
					};
				};
			};
			buildConfigurationList = 3038FC042249B1FC00AFA145 /* Build configuration list for PBXProject "02_HalfModalPresentation" */;
			compatibilityVersion = "Xcode 9.3";
			developmentRegion = en;
			hasScannedForEncodings = 0;
			knownRegions = (
				en,
				Base,
			);
			mainGroup = 3038FC002249B1FC00AFA145;
			productRefGroup = 3038FC0A2249B1FC00AFA145 /* Products */;
			projectDirPath = "";
			projectRoot = "";
			targets = (
				3038FC082249B1FC00AFA145 /* 02_HalfModalPresentation */,
				3038FC1C2249B1FF00AFA145 /* 02_HalfModalPresentationTests */,
			);
		};
/* End PBXProject section */

/* Begin PBXResourcesBuildPhase section */
		3038FC072249B1FC00AFA145 /* Resources */ = {
			isa = PBXResourcesBuildPhase;
			buildActionMask = 2147483647;
			files = (
				3038FC172249B1FF00AFA145 /* LaunchScreen.storyboard in Resources */,
				3038FC142249B1FF00AFA145 /* Assets.xcassets in Resources */,
				3038FC122249B1FC00AFA145 /* Map.storyboard in Resources */,
			);
			runOnlyForDeploymentPostprocessing = 0;
		};
		3038FC1B2249B1FF00AFA145 /* Resources */ = {
			isa = PBXResourcesBuildPhase;
			buildActionMask = 2147483647;
			files = (
			);
			runOnlyForDeploymentPostprocessing = 0;
		};
/* End PBXResourcesBuildPhase section */

/* Begin PBXSourcesBuildPhase section */
		3038FC052249B1FC00AFA145 /* Sources */ = {
			isa = PBXSourcesBuildPhase;
			buildActionMask = 2147483647;
			files = (
				304FD9E1224B085B00C535D8 /* MapViewController.swift in Sources */,
				3038FC0D2249B1FC00AFA145 /* AppDelegate.swift in Sources */,
			);
			runOnlyForDeploymentPostprocessing = 0;
		};
		3038FC192249B1FF00AFA145 /* Sources */ = {
			isa = PBXSourcesBuildPhase;
			buildActionMask = 2147483647;
			files = (
				3038FC222249B1FF00AFA145 /* _2_HalfModalPresentationTests.swift in Sources */,
			);
			runOnlyForDeploymentPostprocessing = 0;
		};
/* End PBXSourcesBuildPhase section */

/* Begin PBXTargetDependency section */
		3038FC1F2249B1FF00AFA145 /* PBXTargetDependency */ = {
			isa = PBXTargetDependency;
			target = 3038FC082249B1FC00AFA145 /* 02_HalfModalPresentation */;
			targetProxy = 3038FC1E2249B1FF00AFA145 /* PBXContainerItemProxy */;
		};
/* End PBXTargetDependency section */

/* Begin PBXVariantGroup section */
		3038FC102249B1FC00AFA145 /* Map.storyboard */ = {
			isa = PBXVariantGroup;
			children = (
				3038FC112249B1FC00AFA145 /* Base */,
			);
			name = Map.storyboard;
			sourceTree = "<group>";
		};
		3038FC152249B1FF00AFA145 /* LaunchScreen.storyboard */ = {
			isa = PBXVariantGroup;
			children = (
				3038FC162249B1FF00AFA145 /* Base */,
			);
			name = LaunchScreen.storyboard;
			sourceTree = "<group>";
		};
/* End PBXVariantGroup section */

/* Begin XCBuildConfiguration section */
		3038FC242249B1FF00AFA145 /* Debug */ = {
			isa = XCBuildConfiguration;
			buildSettings = {
				ALWAYS_SEARCH_USER_PATHS = NO;
				CLANG_ANALYZER_NONNULL = YES;
				CLANG_ANALYZER_NUMBER_OBJECT_CONVERSION = YES_AGGRESSIVE;
				CLANG_CXX_LANGUAGE_STANDARD = "gnu++14";
				CLANG_CXX_LIBRARY = "libc++";
				CLANG_ENABLE_MODULES = YES;
				CLANG_ENABLE_OBJC_ARC = YES;
				CLANG_ENABLE_OBJC_WEAK = YES;
				CLANG_WARN_BLOCK_CAPTURE_AUTORELEASING = YES;
				CLANG_WARN_BOOL_CONVERSION = YES;
				CLANG_WARN_COMMA = YES;
				CLANG_WARN_CONSTANT_CONVERSION = YES;
				CLANG_WARN_DEPRECATED_OBJC_IMPLEMENTATIONS = YES;
				CLANG_WARN_DIRECT_OBJC_ISA_USAGE = YES_ERROR;
				CLANG_WARN_DOCUMENTATION_COMMENTS = YES;
				CLANG_WARN_EMPTY_BODY = YES;
				CLANG_WARN_ENUM_CONVERSION = YES;
				CLANG_WARN_INFINITE_RECURSION = YES;
				CLANG_WARN_INT_CONVERSION = YES;
				CLANG_WARN_NON_LITERAL_NULL_CONVERSION = YES;
				CLANG_WARN_OBJC_IMPLICIT_RETAIN_SELF = YES;
				CLANG_WARN_OBJC_LITERAL_CONVERSION = YES;
				CLANG_WARN_OBJC_ROOT_CLASS = YES_ERROR;
				CLANG_WARN_RANGE_LOOP_ANALYSIS = YES;
				CLANG_WARN_STRICT_PROTOTYPES = YES;
				CLANG_WARN_SUSPICIOUS_MOVE = YES;
				CLANG_WARN_UNGUARDED_AVAILABILITY = YES_AGGRESSIVE;
				CLANG_WARN_UNREACHABLE_CODE = YES;
				CLANG_WARN__DUPLICATE_METHOD_MATCH = YES;
				CODE_SIGN_IDENTITY = "iPhone Developer";
				COPY_PHASE_STRIP = NO;
				DEBUG_INFORMATION_FORMAT = dwarf;
				ENABLE_STRICT_OBJC_MSGSEND = YES;
				ENABLE_TESTABILITY = YES;
				GCC_C_LANGUAGE_STANDARD = gnu11;
				GCC_DYNAMIC_NO_PIC = NO;
				GCC_NO_COMMON_BLOCKS = YES;
				GCC_OPTIMIZATION_LEVEL = 0;
				GCC_PREPROCESSOR_DEFINITIONS = (
					"DEBUG=1",
					"$(inherited)",
				);
				GCC_WARN_64_TO_32_BIT_CONVERSION = YES;
				GCC_WARN_ABOUT_RETURN_TYPE = YES_ERROR;
				GCC_WARN_UNDECLARED_SELECTOR = YES;
				GCC_WARN_UNINITIALIZED_AUTOS = YES_AGGRESSIVE;
				GCC_WARN_UNUSED_FUNCTION = YES;
				GCC_WARN_UNUSED_VARIABLE = YES;
				IPHONEOS_DEPLOYMENT_TARGET = 12.1;
				MTL_ENABLE_DEBUG_INFO = INCLUDE_SOURCE;
				MTL_FAST_MATH = YES;
				ONLY_ACTIVE_ARCH = YES;
				SDKROOT = iphoneos;
				SWIFT_ACTIVE_COMPILATION_CONDITIONS = DEBUG;
				SWIFT_OPTIMIZATION_LEVEL = "-Onone";
			};
			name = Debug;
		};
		3038FC252249B1FF00AFA145 /* Release */ = {
			isa = XCBuildConfiguration;
			buildSettings = {
				ALWAYS_SEARCH_USER_PATHS = NO;
				CLANG_ANALYZER_NONNULL = YES;
				CLANG_ANALYZER_NUMBER_OBJECT_CONVERSION = YES_AGGRESSIVE;
				CLANG_CXX_LANGUAGE_STANDARD = "gnu++14";
				CLANG_CXX_LIBRARY = "libc++";
				CLANG_ENABLE_MODULES = YES;
				CLANG_ENABLE_OBJC_ARC = YES;
				CLANG_ENABLE_OBJC_WEAK = YES;
				CLANG_WARN_BLOCK_CAPTURE_AUTORELEASING = YES;
				CLANG_WARN_BOOL_CONVERSION = YES;
				CLANG_WARN_COMMA = YES;
				CLANG_WARN_CONSTANT_CONVERSION = YES;
				CLANG_WARN_DEPRECATED_OBJC_IMPLEMENTATIONS = YES;
				CLANG_WARN_DIRECT_OBJC_ISA_USAGE = YES_ERROR;
				CLANG_WARN_DOCUMENTATION_COMMENTS = YES;
				CLANG_WARN_EMPTY_BODY = YES;
				CLANG_WARN_ENUM_CONVERSION = YES;
				CLANG_WARN_INFINITE_RECURSION = YES;
				CLANG_WARN_INT_CONVERSION = YES;
				CLANG_WARN_NON_LITERAL_NULL_CONVERSION = YES;
				CLANG_WARN_OBJC_IMPLICIT_RETAIN_SELF = YES;
				CLANG_WARN_OBJC_LITERAL_CONVERSION = YES;
				CLANG_WARN_OBJC_ROOT_CLASS = YES_ERROR;
				CLANG_WARN_RANGE_LOOP_ANALYSIS = YES;
				CLANG_WARN_STRICT_PROTOTYPES = YES;
				CLANG_WARN_SUSPICIOUS_MOVE = YES;
				CLANG_WARN_UNGUARDED_AVAILABILITY = YES_AGGRESSIVE;
				CLANG_WARN_UNREACHABLE_CODE = YES;
				CLANG_WARN__DUPLICATE_METHOD_MATCH = YES;
				CODE_SIGN_IDENTITY = "iPhone Developer";
				COPY_PHASE_STRIP = NO;
				DEBUG_INFORMATION_FORMAT = "dwarf-with-dsym";
				ENABLE_NS_ASSERTIONS = NO;
				ENABLE_STRICT_OBJC_MSGSEND = YES;
				GCC_C_LANGUAGE_STANDARD = gnu11;
				GCC_NO_COMMON_BLOCKS = YES;
				GCC_WARN_64_TO_32_BIT_CONVERSION = YES;
				GCC_WARN_ABOUT_RETURN_TYPE = YES_ERROR;
				GCC_WARN_UNDECLARED_SELECTOR = YES;
				GCC_WARN_UNINITIALIZED_AUTOS = YES_AGGRESSIVE;
				GCC_WARN_UNUSED_FUNCTION = YES;
				GCC_WARN_UNUSED_VARIABLE = YES;
				IPHONEOS_DEPLOYMENT_TARGET = 12.1;
				MTL_ENABLE_DEBUG_INFO = NO;
				MTL_FAST_MATH = YES;
				SDKROOT = iphoneos;
				SWIFT_COMPILATION_MODE = wholemodule;
				SWIFT_OPTIMIZATION_LEVEL = "-O";
				VALIDATE_PRODUCT = YES;
			};
			name = Release;
		};
		3038FC272249B1FF00AFA145 /* Debug */ = {
			isa = XCBuildConfiguration;
			buildSettings = {
				ASSETCATALOG_COMPILER_APPICON_NAME = AppIcon;
				CODE_SIGN_STYLE = Automatic;
				DEVELOPMENT_TEAM = WNEUDLL4LF;
				INFOPLIST_FILE = 02_HalfModalPresentation/Info.plist;
				LD_RUNPATH_SEARCH_PATHS = (
					"$(inherited)",
					"@executable_path/Frameworks",
				);
				PRODUCT_BUNDLE_IDENTIFIER = "com.personal-factory.-2-HalfModalPresentation";
				PRODUCT_NAME = "$(TARGET_NAME)";
				SWIFT_VERSION = 5.0;
				TARGETED_DEVICE_FAMILY = "1,2";
			};
			name = Debug;
		};
		3038FC282249B1FF00AFA145 /* Release */ = {
			isa = XCBuildConfiguration;
			buildSettings = {
				ASSETCATALOG_COMPILER_APPICON_NAME = AppIcon;
				CODE_SIGN_STYLE = Automatic;
				DEVELOPMENT_TEAM = WNEUDLL4LF;
				INFOPLIST_FILE = 02_HalfModalPresentation/Info.plist;
				LD_RUNPATH_SEARCH_PATHS = (
					"$(inherited)",
					"@executable_path/Frameworks",
				);
				PRODUCT_BUNDLE_IDENTIFIER = "com.personal-factory.-2-HalfModalPresentation";
				PRODUCT_NAME = "$(TARGET_NAME)";
				SWIFT_VERSION = 5.0;
				TARGETED_DEVICE_FAMILY = "1,2";
			};
			name = Release;
		};
		3038FC2A2249B1FF00AFA145 /* Debug */ = {
			isa = XCBuildConfiguration;
			buildSettings = {
				ALWAYS_EMBED_SWIFT_STANDARD_LIBRARIES = YES;
				BUNDLE_LOADER = "$(TEST_HOST)";
				CODE_SIGN_STYLE = Automatic;
				DEVELOPMENT_TEAM = WNEUDLL4LF;
				INFOPLIST_FILE = 02_HalfModalPresentationTests/Info.plist;
				LD_RUNPATH_SEARCH_PATHS = (
					"$(inherited)",
					"@executable_path/Frameworks",
					"@loader_path/Frameworks",
				);
				PRODUCT_BUNDLE_IDENTIFIER = "com.personal-factory.-2-HalfModalPresentationTests";
				PRODUCT_NAME = "$(TARGET_NAME)";
				SWIFT_VERSION = 5.0;
				TARGETED_DEVICE_FAMILY = "1,2";
				TEST_HOST = "$(BUILT_PRODUCTS_DIR)/02_HalfModalPresentation.app/02_HalfModalPresentation";
			};
			name = Debug;
		};
		3038FC2B2249B1FF00AFA145 /* Release */ = {
			isa = XCBuildConfiguration;
			buildSettings = {
				ALWAYS_EMBED_SWIFT_STANDARD_LIBRARIES = YES;
				BUNDLE_LOADER = "$(TEST_HOST)";
				CODE_SIGN_STYLE = Automatic;
				DEVELOPMENT_TEAM = WNEUDLL4LF;
				INFOPLIST_FILE = 02_HalfModalPresentationTests/Info.plist;
				LD_RUNPATH_SEARCH_PATHS = (
					"$(inherited)",
					"@executable_path/Frameworks",
					"@loader_path/Frameworks",
				);
				PRODUCT_BUNDLE_IDENTIFIER = "com.personal-factory.-2-HalfModalPresentationTests";
				PRODUCT_NAME = "$(TARGET_NAME)";
				SWIFT_VERSION = 5.0;
				TARGETED_DEVICE_FAMILY = "1,2";
				TEST_HOST = "$(BUILT_PRODUCTS_DIR)/02_HalfModalPresentation.app/02_HalfModalPresentation";
			};
			name = Release;
		};
/* End XCBuildConfiguration section */

/* Begin XCConfigurationList section */
		3038FC042249B1FC00AFA145 /* Build configuration list for PBXProject "02_HalfModalPresentation" */ = {
			isa = XCConfigurationList;
			buildConfigurations = (
				3038FC242249B1FF00AFA145 /* Debug */,
				3038FC252249B1FF00AFA145 /* Release */,
			);
			defaultConfigurationIsVisible = 0;
			defaultConfigurationName = Release;
		};
		3038FC262249B1FF00AFA145 /* Build configuration list for PBXNativeTarget "02_HalfModalPresentation" */ = {
			isa = XCConfigurationList;
			buildConfigurations = (
				3038FC272249B1FF00AFA145 /* Debug */,
				3038FC282249B1FF00AFA145 /* Release */,
			);
			defaultConfigurationIsVisible = 0;
			defaultConfigurationName = Release;
		};
		3038FC292249B1FF00AFA145 /* Build configuration list for PBXNativeTarget "02_HalfModalPresentationTests" */ = {
			isa = XCConfigurationList;
			buildConfigurations = (
				3038FC2A2249B1FF00AFA145 /* Debug */,
				3038FC2B2249B1FF00AFA145 /* Release */,
			);
			defaultConfigurationIsVisible = 0;
			defaultConfigurationName = Release;
		};
/* End XCConfigurationList section */
	};
	rootObject = 3038FC012249B1FC00AFA145 /* Project object */;
}
